// !$*UTF8*$!
{
	archiveVersion = 1;
	classes = {
	};
	objectVersion = 50;
	objects = {

/* Begin PBXBuildFile section */
		13828433216E998B007D810B /* FetchPhotoOperation.m in Sources */ = {isa = PBXBuildFile; fileRef = 13828432216E998B007D810B /* FetchPhotoOperation.m */; };
		13A4C4C7216D3F0500D0C6EF /* AppDelegate.m in Sources */ = {isa = PBXBuildFile; fileRef = 13A4C4C6216D3F0500D0C6EF /* AppDelegate.m */; };
		13A4C4CF216D3F0600D0C6EF /* Assets.xcassets in Resources */ = {isa = PBXBuildFile; fileRef = 13A4C4CE216D3F0600D0C6EF /* Assets.xcassets */; };
		13A4C4D2216D3F0600D0C6EF /* LaunchScreen.storyboard in Resources */ = {isa = PBXBuildFile; fileRef = 13A4C4D0216D3F0600D0C6EF /* LaunchScreen.storyboard */; };
		13A4C4D5216D3F0600D0C6EF /* main.m in Sources */ = {isa = PBXBuildFile; fileRef = 13A4C4D4216D3F0600D0C6EF /* main.m */; };
		13A4C4E2216D460100D0C6EF /* Main.storyboard in Resources */ = {isa = PBXBuildFile; fileRef = 13A4C4E1216D460100D0C6EF /* Main.storyboard */; };
		13A4C4ED216D4F2B00D0C6EF /* RoverPhotosViewController.swift in Sources */ = {isa = PBXBuildFile; fileRef = 13A4C4EC216D4F2B00D0C6EF /* RoverPhotosViewController.swift */; };
		13A4C4F4216D512300D0C6EF /* CGARoverPhotoCollectionViewCell.m in Sources */ = {isa = PBXBuildFile; fileRef = 13A4C4F3216D512300D0C6EF /* CGARoverPhotoCollectionViewCell.m */; };
		13A4C4F8216D586900D0C6EF /* MarsRoverClient.m in Sources */ = {isa = PBXBuildFile; fileRef = 13A4C4F7216D586900D0C6EF /* MarsRoverClient.m */; };
		13A4C4FC216D92BB00D0C6EF /* MarsPhoto.m in Sources */ = {isa = PBXBuildFile; fileRef = 13A4C4FB216D92BB00D0C6EF /* MarsPhoto.m */; };
		13A4C500216D93F700D0C6EF /* Camera.m in Sources */ = {isa = PBXBuildFile; fileRef = 13A4C4FF216D93F700D0C6EF /* Camera.m */; };
/* End PBXBuildFile section */

/* Begin PBXFileReference section */
		13828431216E998B007D810B /* FetchPhotoOperation.h */ = {isa = PBXFileReference; lastKnownFileType = sourcecode.c.h; path = FetchPhotoOperation.h; sourceTree = "<group>"; };
		13828432216E998B007D810B /* FetchPhotoOperation.m */ = {isa = PBXFileReference; lastKnownFileType = sourcecode.c.objc; path = FetchPhotoOperation.m; sourceTree = "<group>"; };
		13A4C4C2216D3F0500D0C6EF /* Mars-Rover-ios-objc-mixed.app */ = {isa = PBXFileReference; explicitFileType = wrapper.application; includeInIndex = 0; path = "Mars-Rover-ios-objc-mixed.app"; sourceTree = BUILT_PRODUCTS_DIR; };
		13A4C4C5216D3F0500D0C6EF /* AppDelegate.h */ = {isa = PBXFileReference; lastKnownFileType = sourcecode.c.h; path = AppDelegate.h; sourceTree = "<group>"; };
		13A4C4C6216D3F0500D0C6EF /* AppDelegate.m */ = {isa = PBXFileReference; lastKnownFileType = sourcecode.c.objc; path = AppDelegate.m; sourceTree = "<group>"; };
		13A4C4CE216D3F0600D0C6EF /* Assets.xcassets */ = {isa = PBXFileReference; lastKnownFileType = folder.assetcatalog; path = Assets.xcassets; sourceTree = "<group>"; };
		13A4C4D1216D3F0600D0C6EF /* Base */ = {isa = PBXFileReference; lastKnownFileType = file.storyboard; name = Base; path = Base.lproj/LaunchScreen.storyboard; sourceTree = "<group>"; };
		13A4C4D3216D3F0600D0C6EF /* Info.plist */ = {isa = PBXFileReference; lastKnownFileType = text.plist.xml; path = Info.plist; sourceTree = "<group>"; };
		13A4C4D4216D3F0600D0C6EF /* main.m */ = {isa = PBXFileReference; lastKnownFileType = sourcecode.c.objc; path = main.m; sourceTree = "<group>"; };
		13A4C4E1216D460100D0C6EF /* Main.storyboard */ = {isa = PBXFileReference; fileEncoding = 4; lastKnownFileType = file.storyboard; path = Main.storyboard; sourceTree = "<group>"; };
		13A4C4EC216D4F2B00D0C6EF /* RoverPhotosViewController.swift */ = {isa = PBXFileReference; lastKnownFileType = sourcecode.swift; path = RoverPhotosViewController.swift; sourceTree = "<group>"; };
		13A4C4F1216D4FB500D0C6EF /* Mars-Rover-ios-objc-mixed-Bridging-Header.h */ = {isa = PBXFileReference; lastKnownFileType = sourcecode.c.h; path = "Mars-Rover-ios-objc-mixed-Bridging-Header.h"; sourceTree = "<group>"; };
		13A4C4F2216D512300D0C6EF /* CGARoverPhotoCollectionViewCell.h */ = {isa = PBXFileReference; lastKnownFileType = sourcecode.c.h; path = CGARoverPhotoCollectionViewCell.h; sourceTree = "<group>"; };
		13A4C4F3216D512300D0C6EF /* CGARoverPhotoCollectionViewCell.m */ = {isa = PBXFileReference; lastKnownFileType = sourcecode.c.objc; path = CGARoverPhotoCollectionViewCell.m; sourceTree = "<group>"; };
		13A4C4F6216D586900D0C6EF /* MarsRoverClient.h */ = {isa = PBXFileReference; lastKnownFileType = sourcecode.c.h; path = MarsRoverClient.h; sourceTree = "<group>"; };
		13A4C4F7216D586900D0C6EF /* MarsRoverClient.m */ = {isa = PBXFileReference; lastKnownFileType = sourcecode.c.objc; path = MarsRoverClient.m; sourceTree = "<group>"; };
		13A4C4FA216D92BB00D0C6EF /* MarsPhoto.h */ = {isa = PBXFileReference; lastKnownFileType = sourcecode.c.h; path = MarsPhoto.h; sourceTree = "<group>"; };
		13A4C4FB216D92BB00D0C6EF /* MarsPhoto.m */ = {isa = PBXFileReference; lastKnownFileType = sourcecode.c.objc; path = MarsPhoto.m; sourceTree = "<group>"; };
		13A4C4FE216D93F700D0C6EF /* Camera.h */ = {isa = PBXFileReference; lastKnownFileType = sourcecode.c.h; path = Camera.h; sourceTree = "<group>"; };
		13A4C4FF216D93F700D0C6EF /* Camera.m */ = {isa = PBXFileReference; lastKnownFileType = sourcecode.c.objc; path = Camera.m; sourceTree = "<group>"; };
/* End PBXFileReference section */

/* Begin PBXFrameworksBuildPhase section */
		13A4C4BF216D3F0500D0C6EF /* Frameworks */ = {
			isa = PBXFrameworksBuildPhase;
			buildActionMask = 2147483647;
			files = (
			);
			runOnlyForDeploymentPostprocessing = 0;
		};
/* End PBXFrameworksBuildPhase section */

/* Begin PBXGroup section */
		13828430216E9902007D810B /* Operations */ = {
			isa = PBXGroup;
			children = (
				13828431216E998B007D810B /* FetchPhotoOperation.h */,
				13828432216E998B007D810B /* FetchPhotoOperation.m */,
			);
			path = Operations;
			sourceTree = "<group>";
		};
		13A4C4B9216D3F0500D0C6EF = {
			isa = PBXGroup;
			children = (
				13A4C4C4216D3F0500D0C6EF /* Mars-Rover-ios-objc-mixed */,
				13A4C4C3216D3F0500D0C6EF /* Products */,
			);
			sourceTree = "<group>";
		};
		13A4C4C3216D3F0500D0C6EF /* Products */ = {
			isa = PBXGroup;
			children = (
				13A4C4C2216D3F0500D0C6EF /* Mars-Rover-ios-objc-mixed.app */,
			);
			name = Products;
			sourceTree = "<group>";
		};
		13A4C4C4216D3F0500D0C6EF /* Mars-Rover-ios-objc-mixed */ = {
			isa = PBXGroup;
			children = (
				13A4C4C5216D3F0500D0C6EF /* AppDelegate.h */,
				13A4C4C6216D3F0500D0C6EF /* AppDelegate.m */,
				13A4C4E4216D46E100D0C6EF /* View Controllers */,
				13A4C4F5216D512700D0C6EF /* Views */,
				13828430216E9902007D810B /* Operations */,
				13A4C4F9216D586D00D0C6EF /* Networking */,
				13A4C4FD216D92C200D0C6EF /* Model */,
				13A4C4E3216D46C100D0C6EF /* Resources */,
			);
			path = "Mars-Rover-ios-objc-mixed";
			sourceTree = "<group>";
		};
		13A4C4E3216D46C100D0C6EF /* Resources */ = {
			isa = PBXGroup;
			children = (
				13A4C4CE216D3F0600D0C6EF /* Assets.xcassets */,
				13A4C4D0216D3F0600D0C6EF /* LaunchScreen.storyboard */,
				13A4C4D3216D3F0600D0C6EF /* Info.plist */,
				13A4C4D4216D3F0600D0C6EF /* main.m */,
				13A4C4E1216D460100D0C6EF /* Main.storyboard */,
				13A4C4F1216D4FB500D0C6EF /* Mars-Rover-ios-objc-mixed-Bridging-Header.h */,
			);
			path = Resources;
			sourceTree = "<group>";
		};
		13A4C4E4216D46E100D0C6EF /* View Controllers */ = {
			isa = PBXGroup;
			children = (
				13A4C4EC216D4F2B00D0C6EF /* RoverPhotosViewController.swift */,
			);
			path = "View Controllers";
			sourceTree = "<group>";
		};
		13A4C4F5216D512700D0C6EF /* Views */ = {
			isa = PBXGroup;
			children = (
				13A4C4F2216D512300D0C6EF /* CGARoverPhotoCollectionViewCell.h */,
				13A4C4F3216D512300D0C6EF /* CGARoverPhotoCollectionViewCell.m */,
			);
			path = Views;
			sourceTree = "<group>";
		};
		13A4C4F9216D586D00D0C6EF /* Networking */ = {
			isa = PBXGroup;
			children = (
				13A4C4F6216D586900D0C6EF /* MarsRoverClient.h */,
				13A4C4F7216D586900D0C6EF /* MarsRoverClient.m */,
			);
			path = Networking;
			sourceTree = "<group>";
		};
		13A4C4FD216D92C200D0C6EF /* Model */ = {
			isa = PBXGroup;
			children = (
				13A4C4FA216D92BB00D0C6EF /* MarsPhoto.h */,
				13A4C4FB216D92BB00D0C6EF /* MarsPhoto.m */,
				13A4C4FE216D93F700D0C6EF /* Camera.h */,
				13A4C4FF216D93F700D0C6EF /* Camera.m */,
			);
			path = Model;
			sourceTree = "<group>";
		};
/* End PBXGroup section */

/* Begin PBXNativeTarget section */
		13A4C4C1216D3F0500D0C6EF /* Mars-Rover-ios-objc-mixed */ = {
			isa = PBXNativeTarget;
			buildConfigurationList = 13A4C4D8216D3F0600D0C6EF /* Build configuration list for PBXNativeTarget "Mars-Rover-ios-objc-mixed" */;
			buildPhases = (
				13A4C4BE216D3F0500D0C6EF /* Sources */,
				13A4C4BF216D3F0500D0C6EF /* Frameworks */,
				13A4C4C0216D3F0500D0C6EF /* Resources */,
			);
			buildRules = (
			);
			dependencies = (
			);
			name = "Mars-Rover-ios-objc-mixed";
			productName = "Mars-Rover-ios-objc-mixed";
			productReference = 13A4C4C2216D3F0500D0C6EF /* Mars-Rover-ios-objc-mixed.app */;
			productType = "com.apple.product-type.application";
		};
/* End PBXNativeTarget section */

/* Begin PBXProject section */
		13A4C4BA216D3F0500D0C6EF /* Project object */ = {
			isa = PBXProject;
			attributes = {
				LastUpgradeCheck = 1000;
				ORGANIZATIONNAME = Conner;
				TargetAttributes = {
					13A4C4C1216D3F0500D0C6EF = {
						CreatedOnToolsVersion = 10.0;
						LastSwiftMigration = 1000;
					};
				};
			};
			buildConfigurationList = 13A4C4BD216D3F0500D0C6EF /* Build configuration list for PBXProject "Mars-Rover-ios-objc-mixed" */;
			compatibilityVersion = "Xcode 9.3";
			developmentRegion = en;
			hasScannedForEncodings = 0;
			knownRegions = (
				en,
				Base,
			);
			mainGroup = 13A4C4B9216D3F0500D0C6EF;
			productRefGroup = 13A4C4C3216D3F0500D0C6EF /* Products */;
			projectDirPath = "";
			projectRoot = "";
			targets = (
				13A4C4C1216D3F0500D0C6EF /* Mars-Rover-ios-objc-mixed */,
			);
		};
/* End PBXProject section */

/* Begin PBXResourcesBuildPhase section */
		13A4C4C0216D3F0500D0C6EF /* Resources */ = {
			isa = PBXResourcesBuildPhase;
			buildActionMask = 2147483647;
			files = (
				13A4C4E2216D460100D0C6EF /* Main.storyboard in Resources */,
				13A4C4D2216D3F0600D0C6EF /* LaunchScreen.storyboard in Resources */,
				13A4C4CF216D3F0600D0C6EF /* Assets.xcassets in Resources */,
			);
			runOnlyForDeploymentPostprocessing = 0;
		};
/* End PBXResourcesBuildPhase section */

/* Begin PBXSourcesBuildPhase section */
		13A4C4BE216D3F0500D0C6EF /* Sources */ = {
			isa = PBXSourcesBuildPhase;
			buildActionMask = 2147483647;
			files = (
				13828433216E998B007D810B /* FetchPhotoOperation.m in Sources */,
				13A4C500216D93F700D0C6EF /* Camera.m in Sources */,
				13A4C4D5216D3F0600D0C6EF /* main.m in Sources */,
				13A4C4FC216D92BB00D0C6EF /* MarsPhoto.m in Sources */,
				13A4C4C7216D3F0500D0C6EF /* AppDelegate.m in Sources */,
				13A4C4F4216D512300D0C6EF /* CGARoverPhotoCollectionViewCell.m in Sources */,
				13A4C4F8216D586900D0C6EF /* MarsRoverClient.m in Sources */,
				13A4C4ED216D4F2B00D0C6EF /* RoverPhotosViewController.swift in Sources */,
			);
			runOnlyForDeploymentPostprocessing = 0;
		};
/* End PBXSourcesBuildPhase section */

/* Begin PBXVariantGroup section */
		13A4C4D0216D3F0600D0C6EF /* LaunchScreen.storyboard */ = {
			isa = PBXVariantGroup;
			children = (
				13A4C4D1216D3F0600D0C6EF /* Base */,
			);
			name = LaunchScreen.storyboard;
			sourceTree = "<group>";
		};
/* End PBXVariantGroup section */

/* Begin XCBuildConfiguration section */
		13A4C4D6216D3F0600D0C6EF /* Debug */ = {
			isa = XCBuildConfiguration;
			buildSettings = {
				ALWAYS_SEARCH_USER_PATHS = NO;
				CLANG_ANALYZER_NONNULL = YES;
				CLANG_ANALYZER_NUMBER_OBJECT_CONVERSION = YES_AGGRESSIVE;
				CLANG_CXX_LANGUAGE_STANDARD = "gnu++14";
				CLANG_CXX_LIBRARY = "libc++";
				CLANG_ENABLE_MODULES = YES;
				CLANG_ENABLE_OBJC_ARC = YES;
				CLANG_ENABLE_OBJC_WEAK = YES;
				CLANG_WARN_BLOCK_CAPTURE_AUTORELEASING = YES;
				CLANG_WARN_BOOL_CONVERSION = YES;
				CLANG_WARN_COMMA = YES;
				CLANG_WARN_CONSTANT_CONVERSION = YES;
				CLANG_WARN_DEPRECATED_OBJC_IMPLEMENTATIONS = YES;
				CLANG_WARN_DIRECT_OBJC_ISA_USAGE = YES_ERROR;
				CLANG_WARN_DOCUMENTATION_COMMENTS = YES;
				CLANG_WARN_EMPTY_BODY = YES;
				CLANG_WARN_ENUM_CONVERSION = YES;
				CLANG_WARN_INFINITE_RECURSION = YES;
				CLANG_WARN_INT_CONVERSION = YES;
				CLANG_WARN_NON_LITERAL_NULL_CONVERSION = YES;
				CLANG_WARN_OBJC_IMPLICIT_RETAIN_SELF = YES;
				CLANG_WARN_OBJC_LITERAL_CONVERSION = YES;
				CLANG_WARN_OBJC_ROOT_CLASS = YES_ERROR;
				CLANG_WARN_RANGE_LOOP_ANALYSIS = YES;
				CLANG_WARN_STRICT_PROTOTYPES = YES;
				CLANG_WARN_SUSPICIOUS_MOVE = YES;
				CLANG_WARN_UNGUARDED_AVAILABILITY = YES_AGGRESSIVE;
				CLANG_WARN_UNREACHABLE_CODE = YES;
				CLANG_WARN__DUPLICATE_METHOD_MATCH = YES;
				CODE_SIGN_IDENTITY = "iPhone Developer";
				COPY_PHASE_STRIP = NO;
				DEBUG_INFORMATION_FORMAT = dwarf;
				ENABLE_STRICT_OBJC_MSGSEND = YES;
				ENABLE_TESTABILITY = YES;
				GCC_C_LANGUAGE_STANDARD = gnu11;
				GCC_DYNAMIC_NO_PIC = NO;
				GCC_NO_COMMON_BLOCKS = YES;
				GCC_OPTIMIZATION_LEVEL = 0;
				GCC_PREPROCESSOR_DEFINITIONS = (
					"DEBUG=1",
					"$(inherited)",
				);
				GCC_WARN_64_TO_32_BIT_CONVERSION = YES;
				GCC_WARN_ABOUT_RETURN_TYPE = YES_ERROR;
				GCC_WARN_UNDECLARED_SELECTOR = YES;
				GCC_WARN_UNINITIALIZED_AUTOS = YES_AGGRESSIVE;
				GCC_WARN_UNUSED_FUNCTION = YES;
				GCC_WARN_UNUSED_VARIABLE = YES;
				IPHONEOS_DEPLOYMENT_TARGET = 12.0;
				MTL_ENABLE_DEBUG_INFO = INCLUDE_SOURCE;
				MTL_FAST_MATH = YES;
				ONLY_ACTIVE_ARCH = YES;
				SDKROOT = iphoneos;
			};
			name = Debug;
		};
		13A4C4D7216D3F0600D0C6EF /* Release */ = {
			isa = XCBuildConfiguration;
			buildSettings = {
				ALWAYS_SEARCH_USER_PATHS = NO;
				CLANG_ANALYZER_NONNULL = YES;
				CLANG_ANALYZER_NUMBER_OBJECT_CONVERSION = YES_AGGRESSIVE;
				CLANG_CXX_LANGUAGE_STANDARD = "gnu++14";
				CLANG_CXX_LIBRARY = "libc++";
				CLANG_ENABLE_MODULES = YES;
				CLANG_ENABLE_OBJC_ARC = YES;
				CLANG_ENABLE_OBJC_WEAK = YES;
				CLANG_WARN_BLOCK_CAPTURE_AUTORELEASING = YES;
				CLANG_WARN_BOOL_CONVERSION = YES;
				CLANG_WARN_COMMA = YES;
				CLANG_WARN_CONSTANT_CONVERSION = YES;
				CLANG_WARN_DEPRECATED_OBJC_IMPLEMENTATIONS = YES;
				CLANG_WARN_DIRECT_OBJC_ISA_USAGE = YES_ERROR;
				CLANG_WARN_DOCUMENTATION_COMMENTS = YES;
				CLANG_WARN_EMPTY_BODY = YES;
				CLANG_WARN_ENUM_CONVERSION = YES;
				CLANG_WARN_INFINITE_RECURSION = YES;
				CLANG_WARN_INT_CONVERSION = YES;
				CLANG_WARN_NON_LITERAL_NULL_CONVERSION = YES;
				CLANG_WARN_OBJC_IMPLICIT_RETAIN_SELF = YES;
				CLANG_WARN_OBJC_LITERAL_CONVERSION = YES;
				CLANG_WARN_OBJC_ROOT_CLASS = YES_ERROR;
				CLANG_WARN_RANGE_LOOP_ANALYSIS = YES;
				CLANG_WARN_STRICT_PROTOTYPES = YES;
				CLANG_WARN_SUSPICIOUS_MOVE = YES;
				CLANG_WARN_UNGUARDED_AVAILABILITY = YES_AGGRESSIVE;
				CLANG_WARN_UNREACHABLE_CODE = YES;
				CLANG_WARN__DUPLICATE_METHOD_MATCH = YES;
				CODE_SIGN_IDENTITY = "iPhone Developer";
				COPY_PHASE_STRIP = NO;
				DEBUG_INFORMATION_FORMAT = "dwarf-with-dsym";
				ENABLE_NS_ASSERTIONS = NO;
				ENABLE_STRICT_OBJC_MSGSEND = YES;
				GCC_C_LANGUAGE_STANDARD = gnu11;
				GCC_NO_COMMON_BLOCKS = YES;
				GCC_WARN_64_TO_32_BIT_CONVERSION = YES;
				GCC_WARN_ABOUT_RETURN_TYPE = YES_ERROR;
				GCC_WARN_UNDECLARED_SELECTOR = YES;
				GCC_WARN_UNINITIALIZED_AUTOS = YES_AGGRESSIVE;
				GCC_WARN_UNUSED_FUNCTION = YES;
				GCC_WARN_UNUSED_VARIABLE = YES;
				IPHONEOS_DEPLOYMENT_TARGET = 12.0;
				MTL_ENABLE_DEBUG_INFO = NO;
				MTL_FAST_MATH = YES;
				SDKROOT = iphoneos;
				VALIDATE_PRODUCT = YES;
			};
			name = Release;
		};
		13A4C4D9216D3F0600D0C6EF /* Debug */ = {
			isa = XCBuildConfiguration;
			buildSettings = {
				ASSETCATALOG_COMPILER_APPICON_NAME = AppIcon;
				CLANG_ENABLE_MODULES = YES;
				CODE_SIGN_STYLE = Automatic;
				INFOPLIST_FILE = "$(SRCROOT)/Mars-Rover-ios-objc-mixed/Resources/Info.plist";
				LD_RUNPATH_SEARCH_PATHS = (
					"$(inherited)",
					"@executable_path/Frameworks",
				);
				PRODUCT_BUNDLE_IDENTIFIER = "Conner.Lambda.Mars-Rover-ios-objc-mixed";
				PRODUCT_NAME = "$(TARGET_NAME)";
				SWIFT_OBJC_BRIDGING_HEADER = "Mars-Rover-ios-objc-mixed/Resources/Mars-Rover-ios-objc-mixed-Bridging-Header.h";
				SWIFT_OPTIMIZATION_LEVEL = "-Onone";
				SWIFT_VERSION = 4.2;
				TARGETED_DEVICE_FAMILY = "1,2";
			};
			name = Debug;
		};
		13A4C4DA216D3F0600D0C6EF /* Release */ = {
			isa = XCBuildConfiguration;
			buildSettings = {
				ASSETCATALOG_COMPILER_APPICON_NAME = AppIcon;
				CLANG_ENABLE_MODULES = YES;
				CODE_SIGN_STYLE = Automatic;
				INFOPLIST_FILE = "$(SRCROOT)/Mars-Rover-ios-objc-mixed/Resources/Info.plist";
				LD_RUNPATH_SEARCH_PATHS = (
					"$(inherited)",
					"@executable_path/Frameworks",
				);
				PRODUCT_BUNDLE_IDENTIFIER = "Conner.Lambda.Mars-Rover-ios-objc-mixed";
				PRODUCT_NAME = "$(TARGET_NAME)";
				SWIFT_OBJC_BRIDGING_HEADER = "Mars-Rover-ios-objc-mixed/Resources/Mars-Rover-ios-objc-mixed-Bridging-Header.h";
				SWIFT_VERSION = 4.2;
				TARGETED_DEVICE_FAMILY = "1,2";
			};
			name = Release;
		};
/* End XCBuildConfiguration section */

/* Begin XCConfigurationList section */
		13A4C4BD216D3F0500D0C6EF /* Build configuration list for PBXProject "Mars-Rover-ios-objc-mixed" */ = {
			isa = XCConfigurationList;
			buildConfigurations = (
				13A4C4D6216D3F0600D0C6EF /* Debug */,
				13A4C4D7216D3F0600D0C6EF /* Release */,
			);
			defaultConfigurationIsVisible = 0;
			defaultConfigurationName = Release;
		};
		13A4C4D8216D3F0600D0C6EF /* Build configuration list for PBXNativeTarget "Mars-Rover-ios-objc-mixed" */ = {
			isa = XCConfigurationList;
			buildConfigurations = (
				13A4C4D9216D3F0600D0C6EF /* Debug */,
				13A4C4DA216D3F0600D0C6EF /* Release */,
			);
			defaultConfigurationIsVisible = 0;
			defaultConfigurationName = Release;
		};
/* End XCConfigurationList section */
	};
	rootObject = 13A4C4BA216D3F0500D0C6EF /* Project object */;
}
